
Microsoft Visual Studio Solution File, Format Version 12.00
# Visual Studio Version 16
VisualStudioVersion = 16.0.30907.101
MinimumVisualStudioVersion = 10.0.40219.1
Project("{FAE04EC0-301F-11D3-BF4B-00C04F79EFBC}") = "IdentityWithRolesAndPolicy", "IdentityWithRolesAndPolicy\IdentityWithRolesAndPolicy.csproj", "{F7853025-43FF-41B0-B49D-0F80C6A92C73}"
EndProject
Global
	GlobalSection(SolutionConfigurationPlatforms) = preSolution
		Debug|Any CPU = Debug|Any CPU
		Release|Any CPU = Release|Any CPU
	EndGlobalSection
	GlobalSection(ProjectConfigurationPlatforms) = postSolution
		{F7853025-43FF-41B0-B49D-0F80C6A92C73}.Debug|Any CPU.ActiveCfg = Debug|Any CPU
		{F7853025-43FF-41B0-B49D-0F80C6A92C73}.Debug|Any CPU.Build.0 = Debug|Any CPU
		{F7853025-43FF-41B0-B49D-0F80C6A92C73}.Release|Any CPU.ActiveCfg = Release|Any CPU
		{F7853025-43FF-41B0-B49D-0F80C6A92C73}.Release|Any CPU.Build.0 = Release|Any CPU
	EndGlobalSection
	GlobalSection(SolutionProperties) = preSolution
		HideSolutionNode = FALSE
	EndGlobalSection
	GlobalSection(ExtensibilityGlobals) = postSolution
		SolutionGuid = {FDE11FB1-BCFF-4109-B019-3CA108D33FE9}
	EndGlobalSection
EndGlobal
