
Microsoft Visual Studio Solution File, Format Version 12.00
# Visual Studio Version 16
VisualStudioVersion = 16.0.30907.101
MinimumVisualStudioVersion = 10.0.40219.1
Project("{FAE04EC0-301F-11D3-BF4B-00C04F79EFBC}") = "AutoMapperDemo", "AutoMapperDemo\AutoMapperDemo.csproj", "{BE1DDCFA-49B7-4F09-91D6-A6A7D6F5399E}"
EndProject
Project("{FAE04EC0-301F-11D3-BF4B-00C04F79EFBC}") = "Repository", "Repository\Repository.csproj", "{FFF62E99-455C-46FC-8C9C-416949019227}"
EndProject
Global
	GlobalSection(SolutionConfigurationPlatforms) = preSolution
		Debug|Any CPU = Debug|Any CPU
		Release|Any CPU = Release|Any CPU
	EndGlobalSection
	GlobalSection(ProjectConfigurationPlatforms) = postSolution
		{BE1DDCFA-49B7-4F09-91D6-A6A7D6F5399E}.Debug|Any CPU.ActiveCfg = Debug|Any CPU
		{BE1DDCFA-49B7-4F09-91D6-A6A7D6F5399E}.Debug|Any CPU.Build.0 = Debug|Any CPU
		{BE1DDCFA-49B7-4F09-91D6-A6A7D6F5399E}.Release|Any CPU.ActiveCfg = Release|Any CPU
		{BE1DDCFA-49B7-4F09-91D6-A6A7D6F5399E}.Release|Any CPU.Build.0 = Release|Any CPU
		{FFF62E99-455C-46FC-8C9C-416949019227}.Debug|Any CPU.ActiveCfg = Debug|Any CPU
		{FFF62E99-455C-46FC-8C9C-416949019227}.Debug|Any CPU.Build.0 = Debug|Any CPU
		{FFF62E99-455C-46FC-8C9C-416949019227}.Release|Any CPU.ActiveCfg = Release|Any CPU
		{FFF62E99-455C-46FC-8C9C-416949019227}.Release|Any CPU.Build.0 = Release|Any CPU
	EndGlobalSection
	GlobalSection(SolutionProperties) = preSolution
		HideSolutionNode = FALSE
	EndGlobalSection
	GlobalSection(ExtensibilityGlobals) = postSolution
		SolutionGuid = {0AFE214E-91A3-4DC0-BB9B-8DC04437E718}
	EndGlobalSection
EndGlobal
