
Microsoft Visual Studio Solution File, Format Version 12.00
# Visual Studio Version 16
VisualStudioVersion = 16.0.30907.101
MinimumVisualStudioVersion = 10.0.40219.1
Project("{FAE04EC0-301F-11D3-BF4B-00C04F79EFBC}") = "AdministartionPortal", "AdministartionPortal\AdministartionPortal.csproj", "{7BCBE9C7-5D02-4D4C-8C40-E98AFA9DB3E7}"
EndProject
Global
	GlobalSection(SolutionConfigurationPlatforms) = preSolution
		Debug|Any CPU = Debug|Any CPU
		Release|Any CPU = Release|Any CPU
	EndGlobalSection
	GlobalSection(ProjectConfigurationPlatforms) = postSolution
		{7BCBE9C7-5D02-4D4C-8C40-E98AFA9DB3E7}.Debug|Any CPU.ActiveCfg = Debug|Any CPU
		{7BCBE9C7-5D02-4D4C-8C40-E98AFA9DB3E7}.Debug|Any CPU.Build.0 = Debug|Any CPU
		{7BCBE9C7-5D02-4D4C-8C40-E98AFA9DB3E7}.Release|Any CPU.ActiveCfg = Release|Any CPU
		{7BCBE9C7-5D02-4D4C-8C40-E98AFA9DB3E7}.Release|Any CPU.Build.0 = Release|Any CPU
	EndGlobalSection
	GlobalSection(SolutionProperties) = preSolution
		HideSolutionNode = FALSE
	EndGlobalSection
	GlobalSection(ExtensibilityGlobals) = postSolution
		SolutionGuid = {E6A5EF90-7DDF-4C84-9AF0-454BB23804BF}
	EndGlobalSection
EndGlobal
